
Microsoft Visual Studio Solution File, Format Version 12.00
# Visual Studio Version 17
VisualStudioVersion = 17.13.35818.85 d17.13
MinimumVisualStudioVersion = 10.0.40219.1
Project("{FAE04EC0-301F-11D3-BF4B-00C04F79EFBC}") = "TravelAgencyDomain", "TravelAgencyDomain\TravelAgencyDomain.csproj", "{B4F1861B-6359-402D-B8C2-A70B1DD893DA}"
EndProject
Project("{FAE04EC0-301F-11D3-BF4B-00C04F79EFBC}") = "TravelAgencyInfrastructure", "TravelAgencyInfrastructure\TravelAgencyInfrastructure.csproj", "{535523D4-7636-4E95-B2B0-F1BA5AE4F15C}"
EndProject
Global
	GlobalSection(SolutionConfigurationPlatforms) = preSolution
		Debug|Any CPU = Debug|Any CPU
		Release|Any CPU = Release|Any CPU
	EndGlobalSection
	GlobalSection(ProjectConfigurationPlatforms) = postSolution
		{B4F1861B-6359-402D-B8C2-A70B1DD893DA}.Debug|Any CPU.ActiveCfg = Debug|Any CPU
		{B4F1861B-6359-402D-B8C2-A70B1DD893DA}.Debug|Any CPU.Build.0 = Debug|Any CPU
		{B4F1861B-6359-402D-B8C2-A70B1DD893DA}.Release|Any CPU.ActiveCfg = Release|Any CPU
		{B4F1861B-6359-402D-B8C2-A70B1DD893DA}.Release|Any CPU.Build.0 = Release|Any CPU
		{535523D4-7636-4E95-B2B0-F1BA5AE4F15C}.Debug|Any CPU.ActiveCfg = Debug|Any CPU
		{535523D4-7636-4E95-B2B0-F1BA5AE4F15C}.Debug|Any CPU.Build.0 = Debug|Any CPU
		{535523D4-7636-4E95-B2B0-F1BA5AE4F15C}.Release|Any CPU.ActiveCfg = Release|Any CPU
		{535523D4-7636-4E95-B2B0-F1BA5AE4F15C}.Release|Any CPU.Build.0 = Release|Any CPU
	EndGlobalSection
	GlobalSection(SolutionProperties) = preSolution
		HideSolutionNode = FALSE
	EndGlobalSection
	GlobalSection(ExtensibilityGlobals) = postSolution
		SolutionGuid = {0A252229-FE07-4534-AA99-046162E89ED3}
	EndGlobalSection
EndGlobal
